
Microsoft Visual Studio Solution File, Format Version 12.00
# Visual Studio Version 17
VisualStudioVersion = 17.13.35825.156 d17.13
MinimumVisualStudioVersion = 10.0.40219.1
Project("{FAE04EC0-301F-11D3-BF4B-00C04F79EFBC}") = "Zimozi-dotnet-api-assignment", "Zimozi-dotnet-api-assignment\Zimozi-dotnet-api-assignment.csproj", "{797EC950-3ECC-4314-B470-DF381193AE1F}"
EndProject
Global
	GlobalSection(SolutionConfigurationPlatforms) = preSolution
		Debug|Any CPU = Debug|Any CPU
		Release|Any CPU = Release|Any CPU
	EndGlobalSection
	GlobalSection(ProjectConfigurationPlatforms) = postSolution
		{797EC950-3ECC-4314-B470-DF381193AE1F}.Debug|Any CPU.ActiveCfg = Debug|Any CPU
		{797EC950-3ECC-4314-B470-DF381193AE1F}.Debug|Any CPU.Build.0 = Debug|Any CPU
		{797EC950-3ECC-4314-B470-DF381193AE1F}.Release|Any CPU.ActiveCfg = Release|Any CPU
		{797EC950-3ECC-4314-B470-DF381193AE1F}.Release|Any CPU.Build.0 = Release|Any CPU
	EndGlobalSection
	GlobalSection(SolutionProperties) = preSolution
		HideSolutionNode = FALSE
	EndGlobalSection
	GlobalSection(ExtensibilityGlobals) = postSolution
		SolutionGuid = {07B379F3-4BCD-4372-A2F7-9D22A8E46D07}
	EndGlobalSection
EndGlobal
